{
  "name": "snail4",
  "version": "1.0.0",
  "lockfileVersion": 1,
  "requires": true,
  "dependencies": {
    "overprint": {
      "version": "0.8.1",
      "resolved": "https://registry.npmjs.org/overprint/-/overprint-0.8.1.tgz",
      "integrity": "sha512-KGEpFJ2UomxNP/fWAZoerEbKwO24xIL0FWVkUZAOM28Fr4V1VrLQcqaGmJ6u/Z/BwQds+g94hK/G1+j6BNwnew=="
    }
  }
}
